// !$*UTF8*$!
{
	archiveVersion = 1;
	classes = {
	};
	objectVersion = 56;
	objects = {

/* Begin PBXBuildFile section */
		5700637C2A651E790051F42A /* AppDelegate.swift in Sources */ = {isa = PBXBuildFile; fileRef = 5700637B2A651E790051F42A /* AppDelegate.swift */; };
		5700637E2A651E790051F42A /* SceneDelegate.swift in Sources */ = {isa = PBXBuildFile; fileRef = 5700637D2A651E790051F42A /* SceneDelegate.swift */; };
		570063802A651E790051F42A /* ChatRoomViewController.swift in Sources */ = {isa = PBXBuildFile; fileRef = 5700637F2A651E790051F42A /* ChatRoomViewController.swift */; };
		570063832A651E790051F42A /* Main.storyboard in Resources */ = {isa = PBXBuildFile; fileRef = 570063812A651E790051F42A /* Main.storyboard */; };
		570063852A651E7B0051F42A /* Assets.xcassets in Resources */ = {isa = PBXBuildFile; fileRef = 570063842A651E7B0051F42A /* Assets.xcassets */; };
		570063882A651E7B0051F42A /* LaunchScreen.storyboard in Resources */ = {isa = PBXBuildFile; fileRef = 570063862A651E7B0051F42A /* LaunchScreen.storyboard */; };
		570063A02A6D50F00051F42A /* MessageKit in Frameworks */ = {isa = PBXBuildFile; productRef = 5700639F2A6D50F00051F42A /* MessageKit */; };
		570063A32A6D55D80051F42A /* SnapKit in Frameworks */ = {isa = PBXBuildFile; productRef = 570063A22A6D55D80051F42A /* SnapKit */; };
		570063A52A6D7E7B0051F42A /* ViewController.swift in Sources */ = {isa = PBXBuildFile; fileRef = 570063A42A6D7E7B0051F42A /* ViewController.swift */; };
		570063A72A6D84200051F42A /* ChatViewController.swift in Sources */ = {isa = PBXBuildFile; fileRef = 570063A62A6D84200051F42A /* ChatViewController.swift */; };
		570063A92A6E50850051F42A /* UIViewController+Ext.swift in Sources */ = {isa = PBXBuildFile; fileRef = 570063A82A6E50850051F42A /* UIViewController+Ext.swift */; };
		570063B12A73A4650051F42A /* CustomChatRoomViewController.swift in Sources */ = {isa = PBXBuildFile; fileRef = 570063B02A73A4650051F42A /* CustomChatRoomViewController.swift */; };
		570063B32A73A4CE0051F42A /* MyMessageTableViewCell.swift in Sources */ = {isa = PBXBuildFile; fileRef = 570063B22A73A4CE0051F42A /* MyMessageTableViewCell.swift */; };
		570063B62A73A4E50051F42A /* OtherMessageTableViewCell.swift in Sources */ = {isa = PBXBuildFile; fileRef = 570063B52A73A4E50051F42A /* OtherMessageTableViewCell.swift */; };
		570063B92A73A6C30051F42A /* KeyboardInputBar.swift in Sources */ = {isa = PBXBuildFile; fileRef = 570063B82A73A6C30051F42A /* KeyboardInputBar.swift */; };
		570063D62A7C0B390051F42A /* PickerViewController.swift in Sources */ = {isa = PBXBuildFile; fileRef = 570063D52A7C0B390051F42A /* PickerViewController.swift */; };
/* End PBXBuildFile section */

/* Begin PBXFileReference section */
		570063782A651E790051F42A /* iOS_Test.app */ = {isa = PBXFileReference; explicitFileType = wrapper.application; includeInIndex = 0; path = iOS_Test.app; sourceTree = BUILT_PRODUCTS_DIR; };
		5700637B2A651E790051F42A /* AppDelegate.swift */ = {isa = PBXFileReference; lastKnownFileType = sourcecode.swift; path = AppDelegate.swift; sourceTree = "<group>"; };
		5700637D2A651E790051F42A /* SceneDelegate.swift */ = {isa = PBXFileReference; lastKnownFileType = sourcecode.swift; path = SceneDelegate.swift; sourceTree = "<group>"; };
		5700637F2A651E790051F42A /* ChatRoomViewController.swift */ = {isa = PBXFileReference; lastKnownFileType = sourcecode.swift; path = ChatRoomViewController.swift; sourceTree = "<group>"; };
		570063822A651E790051F42A /* Base */ = {isa = PBXFileReference; lastKnownFileType = file.storyboard; name = Base; path = Base.lproj/Main.storyboard; sourceTree = "<group>"; };
		570063842A651E7B0051F42A /* Assets.xcassets */ = {isa = PBXFileReference; lastKnownFileType = folder.assetcatalog; path = Assets.xcassets; sourceTree = "<group>"; };
		570063872A651E7B0051F42A /* Base */ = {isa = PBXFileReference; lastKnownFileType = file.storyboard; name = Base; path = Base.lproj/LaunchScreen.storyboard; sourceTree = "<group>"; };
		570063892A651E7B0051F42A /* Info.plist */ = {isa = PBXFileReference; lastKnownFileType = text.plist.xml; path = Info.plist; sourceTree = "<group>"; };
		570063A42A6D7E7B0051F42A /* ViewController.swift */ = {isa = PBXFileReference; lastKnownFileType = sourcecode.swift; path = ViewController.swift; sourceTree = "<group>"; };
		570063A62A6D84200051F42A /* ChatViewController.swift */ = {isa = PBXFileReference; lastKnownFileType = sourcecode.swift; path = ChatViewController.swift; sourceTree = "<group>"; };
		570063A82A6E50850051F42A /* UIViewController+Ext.swift */ = {isa = PBXFileReference; lastKnownFileType = sourcecode.swift; path = "UIViewController+Ext.swift"; sourceTree = "<group>"; };
		570063B02A73A4650051F42A /* CustomChatRoomViewController.swift */ = {isa = PBXFileReference; lastKnownFileType = sourcecode.swift; path = CustomChatRoomViewController.swift; sourceTree = "<group>"; };
		570063B22A73A4CE0051F42A /* MyMessageTableViewCell.swift */ = {isa = PBXFileReference; lastKnownFileType = sourcecode.swift; path = MyMessageTableViewCell.swift; sourceTree = "<group>"; };
		570063B52A73A4E50051F42A /* OtherMessageTableViewCell.swift */ = {isa = PBXFileReference; lastKnownFileType = sourcecode.swift; path = OtherMessageTableViewCell.swift; sourceTree = "<group>"; };
		570063B82A73A6C30051F42A /* KeyboardInputBar.swift */ = {isa = PBXFileReference; lastKnownFileType = sourcecode.swift; path = KeyboardInputBar.swift; sourceTree = "<group>"; };
		570063D52A7C0B390051F42A /* PickerViewController.swift */ = {isa = PBXFileReference; lastKnownFileType = sourcecode.swift; path = PickerViewController.swift; sourceTree = "<group>"; };
/* End PBXFileReference section */

/* Begin PBXFrameworksBuildPhase section */
		570063752A651E790051F42A /* Frameworks */ = {
			isa = PBXFrameworksBuildPhase;
			buildActionMask = 2147483647;
			files = (
				570063A02A6D50F00051F42A /* MessageKit in Frameworks */,
				570063A32A6D55D80051F42A /* SnapKit in Frameworks */,
			);
			runOnlyForDeploymentPostprocessing = 0;
		};
/* End PBXFrameworksBuildPhase section */

/* Begin PBXGroup section */
		5700636F2A651E790051F42A = {
			isa = PBXGroup;
			children = (
				5700637A2A651E790051F42A /* iOS_Test */,
				570063792A651E790051F42A /* Products */,
			);
			sourceTree = "<group>";
		};
		570063792A651E790051F42A /* Products */ = {
			isa = PBXGroup;
			children = (
				570063782A651E790051F42A /* iOS_Test.app */,
			);
			name = Products;
			sourceTree = "<group>";
		};
		5700637A2A651E790051F42A /* iOS_Test */ = {
			isa = PBXGroup;
			children = (
				5700637B2A651E790051F42A /* AppDelegate.swift */,
				5700637D2A651E790051F42A /* SceneDelegate.swift */,
				570063AE2A73A42D0051F42A /* MessageKit */,
				570063AF2A73A43E0051F42A /* CustomChatRoom */,
				570063A82A6E50850051F42A /* UIViewController+Ext.swift */,
				570063A42A6D7E7B0051F42A /* ViewController.swift */,
				570063812A651E790051F42A /* Main.storyboard */,
				570063842A651E7B0051F42A /* Assets.xcassets */,
				570063862A651E7B0051F42A /* LaunchScreen.storyboard */,
				570063892A651E7B0051F42A /* Info.plist */,
			);
			path = iOS_Test;
			sourceTree = "<group>";
		};
		570063AE2A73A42D0051F42A /* MessageKit */ = {
			isa = PBXGroup;
			children = (
				570063A62A6D84200051F42A /* ChatViewController.swift */,
				5700637F2A651E790051F42A /* ChatRoomViewController.swift */,
			);
			path = MessageKit;
			sourceTree = "<group>";
		};
		570063AF2A73A43E0051F42A /* CustomChatRoom */ = {
			isa = PBXGroup;
			children = (
				570063B72A73A6990051F42A /* CustomView */,
				570063B42A73A4D40051F42A /* Cell */,
				570063B02A73A4650051F42A /* CustomChatRoomViewController.swift */,
				570063D52A7C0B390051F42A /* PickerViewController.swift */,
			);
			path = CustomChatRoom;
			sourceTree = "<group>";
		};
		570063B42A73A4D40051F42A /* Cell */ = {
			isa = PBXGroup;
			children = (
				570063B22A73A4CE0051F42A /* MyMessageTableViewCell.swift */,
				570063B52A73A4E50051F42A /* OtherMessageTableViewCell.swift */,
			);
			name = Cell;
			path = "ㅊ디ㅣ";
			sourceTree = "<group>";
		};
		570063B72A73A6990051F42A /* CustomView */ = {
			isa = PBXGroup;
			children = (
				570063B82A73A6C30051F42A /* KeyboardInputBar.swift */,
			);
			path = CustomView;
			sourceTree = "<group>";
		};
/* End PBXGroup section */

/* Begin PBXNativeTarget section */
		570063772A651E790051F42A /* iOS_Test */ = {
			isa = PBXNativeTarget;
			buildConfigurationList = 5700638C2A651E7B0051F42A /* Build configuration list for PBXNativeTarget "iOS_Test" */;
			buildPhases = (
				570063742A651E790051F42A /* Sources */,
				570063752A651E790051F42A /* Frameworks */,
				570063762A651E790051F42A /* Resources */,
			);
			buildRules = (
			);
			dependencies = (
			);
			name = iOS_Test;
			packageProductDependencies = (
				5700639F2A6D50F00051F42A /* MessageKit */,
				570063A22A6D55D80051F42A /* SnapKit */,
			);
			productName = iOS_Test;
			productReference = 570063782A651E790051F42A /* iOS_Test.app */;
			productType = "com.apple.product-type.application";
		};
/* End PBXNativeTarget section */

/* Begin PBXProject section */
		570063702A651E790051F42A /* Project object */ = {
			isa = PBXProject;
			attributes = {
				BuildIndependentTargetsInParallel = 1;
				LastSwiftUpdateCheck = 1430;
				LastUpgradeCheck = 1430;
				TargetAttributes = {
					570063772A651E790051F42A = {
						CreatedOnToolsVersion = 14.3.1;
					};
				};
			};
			buildConfigurationList = 570063732A651E790051F42A /* Build configuration list for PBXProject "iOS_Test" */;
			compatibilityVersion = "Xcode 14.0";
			developmentRegion = en;
			hasScannedForEncodings = 0;
			knownRegions = (
				en,
				Base,
			);
			mainGroup = 5700636F2A651E790051F42A;
			packageReferences = (
				5700639E2A6D50F00051F42A /* XCRemoteSwiftPackageReference "MessageKit" */,
				570063A12A6D55D70051F42A /* XCRemoteSwiftPackageReference "SnapKit" */,
			);
			productRefGroup = 570063792A651E790051F42A /* Products */;
			projectDirPath = "";
			projectRoot = "";
			targets = (
				570063772A651E790051F42A /* iOS_Test */,
			);
		};
/* End PBXProject section */

/* Begin PBXResourcesBuildPhase section */
		570063762A651E790051F42A /* Resources */ = {
			isa = PBXResourcesBuildPhase;
			buildActionMask = 2147483647;
			files = (
				570063882A651E7B0051F42A /* LaunchScreen.storyboard in Resources */,
				570063852A651E7B0051F42A /* Assets.xcassets in Resources */,
				570063832A651E790051F42A /* Main.storyboard in Resources */,
			);
			runOnlyForDeploymentPostprocessing = 0;
		};
/* End PBXResourcesBuildPhase section */

/* Begin PBXSourcesBuildPhase section */
		570063742A651E790051F42A /* Sources */ = {
			isa = PBXSourcesBuildPhase;
			buildActionMask = 2147483647;
			files = (
				570063B62A73A4E50051F42A /* OtherMessageTableViewCell.swift in Sources */,
				570063802A651E790051F42A /* ChatRoomViewController.swift in Sources */,
				5700637C2A651E790051F42A /* AppDelegate.swift in Sources */,
				570063A92A6E50850051F42A /* UIViewController+Ext.swift in Sources */,
				570063A52A6D7E7B0051F42A /* ViewController.swift in Sources */,
				570063A72A6D84200051F42A /* ChatViewController.swift in Sources */,
				570063B32A73A4CE0051F42A /* MyMessageTableViewCell.swift in Sources */,
				570063D62A7C0B390051F42A /* PickerViewController.swift in Sources */,
				570063B12A73A4650051F42A /* CustomChatRoomViewController.swift in Sources */,
				5700637E2A651E790051F42A /* SceneDelegate.swift in Sources */,
				570063B92A73A6C30051F42A /* KeyboardInputBar.swift in Sources */,
			);
			runOnlyForDeploymentPostprocessing = 0;
		};
/* End PBXSourcesBuildPhase section */

/* Begin PBXVariantGroup section */
		570063812A651E790051F42A /* Main.storyboard */ = {
			isa = PBXVariantGroup;
			children = (
				570063822A651E790051F42A /* Base */,
			);
			name = Main.storyboard;
			sourceTree = "<group>";
		};
		570063862A651E7B0051F42A /* LaunchScreen.storyboard */ = {
			isa = PBXVariantGroup;
			children = (
				570063872A651E7B0051F42A /* Base */,
			);
			name = LaunchScreen.storyboard;
			sourceTree = "<group>";
		};
/* End PBXVariantGroup section */

/* Begin XCBuildConfiguration section */
		5700638A2A651E7B0051F42A /* Debug */ = {
			isa = XCBuildConfiguration;
			buildSettings = {
				ALWAYS_SEARCH_USER_PATHS = NO;
				CLANG_ANALYZER_NONNULL = YES;
				CLANG_ANALYZER_NUMBER_OBJECT_CONVERSION = YES_AGGRESSIVE;
				CLANG_CXX_LANGUAGE_STANDARD = "gnu++20";
				CLANG_ENABLE_MODULES = YES;
				CLANG_ENABLE_OBJC_ARC = YES;
				CLANG_ENABLE_OBJC_WEAK = YES;
				CLANG_WARN_BLOCK_CAPTURE_AUTORELEASING = YES;
				CLANG_WARN_BOOL_CONVERSION = YES;
				CLANG_WARN_COMMA = YES;
				CLANG_WARN_CONSTANT_CONVERSION = YES;
				CLANG_WARN_DEPRECATED_OBJC_IMPLEMENTATIONS = YES;
				CLANG_WARN_DIRECT_OBJC_ISA_USAGE = YES_ERROR;
				CLANG_WARN_DOCUMENTATION_COMMENTS = YES;
				CLANG_WARN_EMPTY_BODY = YES;
				CLANG_WARN_ENUM_CONVERSION = YES;
				CLANG_WARN_INFINITE_RECURSION = YES;
				CLANG_WARN_INT_CONVERSION = YES;
				CLANG_WARN_NON_LITERAL_NULL_CONVERSION = YES;
				CLANG_WARN_OBJC_IMPLICIT_RETAIN_SELF = YES;
				CLANG_WARN_OBJC_LITERAL_CONVERSION = YES;
				CLANG_WARN_OBJC_ROOT_CLASS = YES_ERROR;
				CLANG_WARN_QUOTED_INCLUDE_IN_FRAMEWORK_HEADER = YES;
				CLANG_WARN_RANGE_LOOP_ANALYSIS = YES;
				CLANG_WARN_STRICT_PROTOTYPES = YES;
				CLANG_WARN_SUSPICIOUS_MOVE = YES;
				CLANG_WARN_UNGUARDED_AVAILABILITY = YES_AGGRESSIVE;
				CLANG_WARN_UNREACHABLE_CODE = YES;
				CLANG_WARN__DUPLICATE_METHOD_MATCH = YES;
				COPY_PHASE_STRIP = NO;
				DEBUG_INFORMATION_FORMAT = dwarf;
				ENABLE_STRICT_OBJC_MSGSEND = YES;
				ENABLE_TESTABILITY = YES;
				GCC_C_LANGUAGE_STANDARD = gnu11;
				GCC_DYNAMIC_NO_PIC = NO;
				GCC_NO_COMMON_BLOCKS = YES;
				GCC_OPTIMIZATION_LEVEL = 0;
				GCC_PREPROCESSOR_DEFINITIONS = (
					"DEBUG=1",
					"$(inherited)",
				);
				GCC_WARN_64_TO_32_BIT_CONVERSION = YES;
				GCC_WARN_ABOUT_RETURN_TYPE = YES_ERROR;
				GCC_WARN_UNDECLARED_SELECTOR = YES;
				GCC_WARN_UNINITIALIZED_AUTOS = YES_AGGRESSIVE;
				GCC_WARN_UNUSED_FUNCTION = YES;
				GCC_WARN_UNUSED_VARIABLE = YES;
				IPHONEOS_DEPLOYMENT_TARGET = 16.4;
				MTL_ENABLE_DEBUG_INFO = INCLUDE_SOURCE;
				MTL_FAST_MATH = YES;
				ONLY_ACTIVE_ARCH = YES;
				SDKROOT = iphoneos;
				SWIFT_ACTIVE_COMPILATION_CONDITIONS = DEBUG;
				SWIFT_OPTIMIZATION_LEVEL = "-Onone";
			};
			name = Debug;
		};
		5700638B2A651E7B0051F42A /* Release */ = {
			isa = XCBuildConfiguration;
			buildSettings = {
				ALWAYS_SEARCH_USER_PATHS = NO;
				CLANG_ANALYZER_NONNULL = YES;
				CLANG_ANALYZER_NUMBER_OBJECT_CONVERSION = YES_AGGRESSIVE;
				CLANG_CXX_LANGUAGE_STANDARD = "gnu++20";
				CLANG_ENABLE_MODULES = YES;
				CLANG_ENABLE_OBJC_ARC = YES;
				CLANG_ENABLE_OBJC_WEAK = YES;
				CLANG_WARN_BLOCK_CAPTURE_AUTORELEASING = YES;
				CLANG_WARN_BOOL_CONVERSION = YES;
				CLANG_WARN_COMMA = YES;
				CLANG_WARN_CONSTANT_CONVERSION = YES;
				CLANG_WARN_DEPRECATED_OBJC_IMPLEMENTATIONS = YES;
				CLANG_WARN_DIRECT_OBJC_ISA_USAGE = YES_ERROR;
				CLANG_WARN_DOCUMENTATION_COMMENTS = YES;
				CLANG_WARN_EMPTY_BODY = YES;
				CLANG_WARN_ENUM_CONVERSION = YES;
				CLANG_WARN_INFINITE_RECURSION = YES;
				CLANG_WARN_INT_CONVERSION = YES;
				CLANG_WARN_NON_LITERAL_NULL_CONVERSION = YES;
				CLANG_WARN_OBJC_IMPLICIT_RETAIN_SELF = YES;
				CLANG_WARN_OBJC_LITERAL_CONVERSION = YES;
				CLANG_WARN_OBJC_ROOT_CLASS = YES_ERROR;
				CLANG_WARN_QUOTED_INCLUDE_IN_FRAMEWORK_HEADER = YES;
				CLANG_WARN_RANGE_LOOP_ANALYSIS = YES;
				CLANG_WARN_STRICT_PROTOTYPES = YES;
				CLANG_WARN_SUSPICIOUS_MOVE = YES;
				CLANG_WARN_UNGUARDED_AVAILABILITY = YES_AGGRESSIVE;
				CLANG_WARN_UNREACHABLE_CODE = YES;
				CLANG_WARN__DUPLICATE_METHOD_MATCH = YES;
				COPY_PHASE_STRIP = NO;
				DEBUG_INFORMATION_FORMAT = "dwarf-with-dsym";
				ENABLE_NS_ASSERTIONS = NO;
				ENABLE_STRICT_OBJC_MSGSEND = YES;
				GCC_C_LANGUAGE_STANDARD = gnu11;
				GCC_NO_COMMON_BLOCKS = YES;
				GCC_WARN_64_TO_32_BIT_CONVERSION = YES;
				GCC_WARN_ABOUT_RETURN_TYPE = YES_ERROR;
				GCC_WARN_UNDECLARED_SELECTOR = YES;
				GCC_WARN_UNINITIALIZED_AUTOS = YES_AGGRESSIVE;
				GCC_WARN_UNUSED_FUNCTION = YES;
				GCC_WARN_UNUSED_VARIABLE = YES;
				IPHONEOS_DEPLOYMENT_TARGET = 16.4;
				MTL_ENABLE_DEBUG_INFO = NO;
				MTL_FAST_MATH = YES;
				SDKROOT = iphoneos;
				SWIFT_COMPILATION_MODE = wholemodule;
				SWIFT_OPTIMIZATION_LEVEL = "-O";
				VALIDATE_PRODUCT = YES;
			};
			name = Release;
		};
		5700638D2A651E7B0051F42A /* Debug */ = {
			isa = XCBuildConfiguration;
			buildSettings = {
				ASSETCATALOG_COMPILER_APPICON_NAME = AppIcon;
				ASSETCATALOG_COMPILER_GLOBAL_ACCENT_COLOR_NAME = AccentColor;
				CODE_SIGN_STYLE = Automatic;
				CURRENT_PROJECT_VERSION = 1;
				DEVELOPMENT_TEAM = 5DFZR8RCQR;
				GENERATE_INFOPLIST_FILE = YES;
				INFOPLIST_FILE = iOS_Test/Info.plist;
				INFOPLIST_KEY_UIApplicationSupportsIndirectInputEvents = YES;
				INFOPLIST_KEY_UILaunchStoryboardName = LaunchScreen;
				INFOPLIST_KEY_UIMainStoryboardFile = "";
				INFOPLIST_KEY_UISupportedInterfaceOrientations_iPad = "UIInterfaceOrientationPortrait UIInterfaceOrientationPortraitUpsideDown UIInterfaceOrientationLandscapeLeft UIInterfaceOrientationLandscapeRight";
				INFOPLIST_KEY_UISupportedInterfaceOrientations_iPhone = "UIInterfaceOrientationPortrait UIInterfaceOrientationLandscapeLeft UIInterfaceOrientationLandscapeRight";
				LD_RUNPATH_SEARCH_PATHS = (
					"$(inherited)",
					"@executable_path/Frameworks",
				);
				MARKETING_VERSION = 1.0;
				PRODUCT_BUNDLE_IDENTIFIER = "com.project.umc.4th.iOS-Test";
				PRODUCT_NAME = "$(TARGET_NAME)";
				SWIFT_EMIT_LOC_STRINGS = YES;
				SWIFT_VERSION = 5.0;
				TARGETED_DEVICE_FAMILY = "1,2";
			};
			name = Debug;
		};
		5700638E2A651E7B0051F42A /* Release */ = {
			isa = XCBuildConfiguration;
			buildSettings = {
				ASSETCATALOG_COMPILER_APPICON_NAME = AppIcon;
				ASSETCATALOG_COMPILER_GLOBAL_ACCENT_COLOR_NAME = AccentColor;
				CODE_SIGN_STYLE = Automatic;
				CURRENT_PROJECT_VERSION = 1;
				DEVELOPMENT_TEAM = 5DFZR8RCQR;
				GENERATE_INFOPLIST_FILE = YES;
				INFOPLIST_FILE = iOS_Test/Info.plist;
				INFOPLIST_KEY_UIApplicationSupportsIndirectInputEvents = YES;
				INFOPLIST_KEY_UILaunchStoryboardName = LaunchScreen;
				INFOPLIST_KEY_UIMainStoryboardFile = "";
				INFOPLIST_KEY_UISupportedInterfaceOrientations_iPad = "UIInterfaceOrientationPortrait UIInterfaceOrientationPortraitUpsideDown UIInterfaceOrientationLandscapeLeft UIInterfaceOrientationLandscapeRight";
				INFOPLIST_KEY_UISupportedInterfaceOrientations_iPhone = "UIInterfaceOrientationPortrait UIInterfaceOrientationLandscapeLeft UIInterfaceOrientationLandscapeRight";
				LD_RUNPATH_SEARCH_PATHS = (
					"$(inherited)",
					"@executable_path/Frameworks",
				);
				MARKETING_VERSION = 1.0;
				PRODUCT_BUNDLE_IDENTIFIER = "com.project.umc.4th.iOS-Test";
				PRODUCT_NAME = "$(TARGET_NAME)";
				SWIFT_EMIT_LOC_STRINGS = YES;
				SWIFT_VERSION = 5.0;
				TARGETED_DEVICE_FAMILY = "1,2";
			};
			name = Release;
		};
/* End XCBuildConfiguration section */

/* Begin XCConfigurationList section */
		570063732A651E790051F42A /* Build configuration list for PBXProject "iOS_Test" */ = {
			isa = XCConfigurationList;
			buildConfigurations = (
				5700638A2A651E7B0051F42A /* Debug */,
				5700638B2A651E7B0051F42A /* Release */,
			);
			defaultConfigurationIsVisible = 0;
			defaultConfigurationName = Release;
		};
		5700638C2A651E7B0051F42A /* Build configuration list for PBXNativeTarget "iOS_Test" */ = {
			isa = XCConfigurationList;
			buildConfigurations = (
				5700638D2A651E7B0051F42A /* Debug */,
				5700638E2A651E7B0051F42A /* Release */,
			);
			defaultConfigurationIsVisible = 0;
			defaultConfigurationName = Release;
		};
/* End XCConfigurationList section */

/* Begin XCRemoteSwiftPackageReference section */
		5700639E2A6D50F00051F42A /* XCRemoteSwiftPackageReference "MessageKit" */ = {
			isa = XCRemoteSwiftPackageReference;
			repositoryURL = "https://github.com/MessageKit/MessageKit";
			requirement = {
				kind = upToNextMajorVersion;
				minimumVersion = 4.0.0;
			};
		};
		570063A12A6D55D70051F42A /* XCRemoteSwiftPackageReference "SnapKit" */ = {
			isa = XCRemoteSwiftPackageReference;
			repositoryURL = "https://github.com/SnapKit/SnapKit";
			requirement = {
				kind = upToNextMajorVersion;
				minimumVersion = 5.0.0;
			};
		};
/* End XCRemoteSwiftPackageReference section */

/* Begin XCSwiftPackageProductDependency section */
		5700639F2A6D50F00051F42A /* MessageKit */ = {
			isa = XCSwiftPackageProductDependency;
			package = 5700639E2A6D50F00051F42A /* XCRemoteSwiftPackageReference "MessageKit" */;
			productName = MessageKit;
		};
		570063A22A6D55D80051F42A /* SnapKit */ = {
			isa = XCSwiftPackageProductDependency;
			package = 570063A12A6D55D70051F42A /* XCRemoteSwiftPackageReference "SnapKit" */;
			productName = SnapKit;
		};
/* End XCSwiftPackageProductDependency section */
	};
	rootObject = 570063702A651E790051F42A /* Project object */;
}
